# This file was autogenerated by uv via the following command:
#    uv export --dev --format=requirements-txt --no-hashes --no-emit-project --output-file=tests/requirements-testing.lock
annotated-types==0.7.0
    # via pydantic
chardet==5.2.0
    # via resource-fula-ordboken
click==8.2.1
    # via typer
colorama==0.4.6 ; sys_platform == 'win32'
    # via
    #   click
    #   pytest
    #   tqdm
coverage==7.12.0
    # via pytest-cov
exceptiongroup==1.3.1 ; python_full_version < '3.11'
    # via pytest
ijson==3.4.0.post0
    # via json-arrays
iniconfig==2.3.0
    # via pytest
json-arrays==0.15.0
    # via resource-fula-ordboken
karp-lex-types==0.7.3
    # via resource-fula-ordboken
markdown-it-py==4.0.0
    # via rich
mdurl==0.1.2
    # via markdown-it-py
orjson==3.11.4
    # via resource-fula-ordboken
packaging==25.0
    # via pytest
pluggy==1.6.0
    # via
    #   pytest
    #   pytest-cov
pydantic==2.12.4
    # via
    #   karp-lex-types
    #   simple-archive
pydantic-core==2.41.5
    # via pydantic
pygments==2.19.2
    # via
    #   pytest
    #   rich
pytest==9.0.1
    # via
    #   pytest-cov
    #   syrupy
pytest-cov==7.0.0
rich==14.2.0
    # via typer
ruff==0.14.6
shellingham==1.5.4
    # via typer
simple-archive==0.3.0
    # via resource-fula-ordboken
syrupy==5.0.0
tomli==2.3.0 ; python_full_version <= '3.11'
    # via
    #   coverage
    #   pytest
tqdm==4.67.1
    # via resource-fula-ordboken
ty==0.0.81
typer==0.20.0
    # via
    #   resource-fula-ordboken
    #   simple-archive
typing-extensions==4.15.0
    # via
    #   exceptiongroup
    #   pydantic
    #   pydantic-core
    #   typer
    #   typing-inspection
typing-inspection==0.4.2
    # via pydantic
ulid-py==1.1.0
    # via karp-lex-types
